// !$*UTF8*$!
{
	archiveVersion = 1;
	classes = {
	};
	objectVersion = 42;
	objects = {

/* Begin PBXAggregateTarget section */
		084BB02F10E9A77B003D2539 /* Build All Plugins */ = {
			isa = PBXAggregateTarget;
			buildConfigurationList = 084BB03210E9A799003D2539 /* Build configuration list for PBXAggregateTarget "Build All Plugins" */;
			buildPhases = (
				08B2FF4510F0168800C3175C /* CopyFiles */,
			);
			dependencies = (
				084BB03410E9A7BF003D2539 /* PBXTargetDependency */,
				084BB09210E9A842003D2539 /* PBXTargetDependency */,
				084BB09410E9A842003D2539 /* PBXTargetDependency */,
				084BB09610E9A842003D2539 /* PBXTargetDependency */,
				084BB09A10E9A842003D2539 /* PBXTargetDependency */,
				084BB09C10E9A842003D2539 /* PBXTargetDependency */,
				084BB09E10E9A842003D2539 /* PBXTargetDependency */,
				084BB0A010E9A842003D2539 /* PBXTargetDependency */,
				084BB0A210E9A842003D2539 /* PBXTargetDependency */,
				084BB0A410E9A842003D2539 /* PBXTargetDependency */,
				08E362C4110B31A9008F2E6A /* PBXTargetDependency */,
				085C5420112FA95100E8C4B8 /* PBXTargetDependency */,
				08B78D57113121CD00DC1360 /* PBXTargetDependency */,
				0861F47D133223B300DFE63E /* PBXTargetDependency */,
			);
			name = "Build All Plugins";
			productName = "Build All Plugins";
		};
/* End PBXAggregateTarget section */

/* Begin PBXBuildFile section */
		0847167E112598F100BA7FC5 /* Safari.element in CopyFiles */ = {isa = PBXBuildFile; fileRef = 08E362B1110B3168008F2E6A /* Safari.element */; };
		085C541E112FA93E00E8C4B8 /* Dictionary Module.element in CopyFiles */ = {isa = PBXBuildFile; fileRef = 085C541D112FA93600E8C4B8 /* Dictionary Module.element */; };
		0861F47E133223C900DFE63E /* Social Bookmarks Module.element in CopyFiles */ = {isa = PBXBuildFile; fileRef = 0861F465133221F300DFE63E /* Social Bookmarks Module.element */; };
		0861F47F133223EA00DFE63E /* Chrome Module.element in CopyFiles */ = {isa = PBXBuildFile; fileRef = 08B78D55113121C400DC1360 /* Chrome Module.element */; };
		08B2FF5A10F017C700C3175C /* Terminal Module.element in CopyFiles */ = {isa = PBXBuildFile; fileRef = 084BB09010E9A82E003D2539 /* Terminal Module.element */; };
		08B2FF5B10F017DC00C3175C /* Primer Interface.element in CopyFiles */ = {isa = PBXBuildFile; fileRef = 084BB08710E9A827003D2539 /* Primer Interface.element */; };
		08B2FF5C10F017DC00C3175C /* Firefox Module.element in CopyFiles */ = {isa = PBXBuildFile; fileRef = 084BB07E10E9A820003D2539 /* Firefox Module.element */; };
		08B2FF5D10F017DC00C3175C /* Web Search.element in CopyFiles */ = {isa = PBXBuildFile; fileRef = 084BB07510E9A817003D2539 /* Web Search.element */; };
		08B2FF5E10F017F000C3175C /* Email Support.element in CopyFiles */ = {isa = PBXBuildFile; fileRef = 084BB06C10E9A80D003D2539 /* Email Support.element */; };
		08B2FF5F10F017F000C3175C /* Clipboard.element in CopyFiles */ = {isa = PBXBuildFile; fileRef = 084BB06310E9A803003D2539 /* Clipboard.element */; };
		08B2FF6110F017F000C3175C /* Apple Mail.element in CopyFiles */ = {isa = PBXBuildFile; fileRef = 084BB05110E9A7EA003D2539 /* Apple Mail.element */; };
		08B2FF6210F017FB00C3175C /* iTunes Module.element in CopyFiles */ = {isa = PBXBuildFile; fileRef = 084BB04810E9A7E1003D2539 /* iTunes Module.element */; };
		08B2FF6310F017FB00C3175C /* Apple Address Book.element in CopyFiles */ = {isa = PBXBuildFile; fileRef = 084BB03F10E9A7D3003D2539 /* Apple Address Book.element */; };
		08B2FF6410F017FB00C3175C /* Bezel Interface.element in CopyFiles */ = {isa = PBXBuildFile; fileRef = 084BB02E10E9A753003D2539 /* Bezel Interface.element */; };
/* End PBXBuildFile section */

/* Begin PBXContainerItemProxy section */
		084BB02D10E9A753003D2539 /* PBXContainerItemProxy */ = {
			isa = PBXContainerItemProxy;
			containerPortal = 084BB02610E9A753003D2539 /* QSBezelInterfacePlugIn.xcodeproj */;
			proxyType = 2;
			remoteGlobalIDString = 8D1AC9740486D14A00FE50C9;
			remoteInfo = "Bezel Interface";
		};
		084BB03310E9A7BF003D2539 /* PBXContainerItemProxy */ = {
			isa = PBXContainerItemProxy;
			containerPortal = 084BB02610E9A753003D2539 /* QSBezelInterfacePlugIn.xcodeproj */;
			proxyType = 1;
			remoteGlobalIDString = 8D1AC9600486D14A00FE50C9;
			remoteInfo = "Bezel Interface";
		};
		084BB03E10E9A7D3003D2539 /* PBXContainerItemProxy */ = {
			isa = PBXContainerItemProxy;
			containerPortal = 084BB03710E9A7D3003D2539 /* QSAddressBookElement.xcodeproj */;
			proxyType = 2;
			remoteGlobalIDString = 8D1AC9740486D14A00FE50C9;
			remoteInfo = "Apple Address Book";
		};
		084BB04710E9A7E1003D2539 /* PBXContainerItemProxy */ = {
			isa = PBXContainerItemProxy;
			containerPortal = 084BB04010E9A7E1003D2539 /* iTunesElement.xcodeproj */;
			proxyType = 2;
			remoteGlobalIDString = 084A9FFD1094D1D200E2CB93;
			remoteInfo = "iTunes Module";
		};
		084BB05010E9A7EA003D2539 /* PBXContainerItemProxy */ = {
			isa = PBXContainerItemProxy;
			containerPortal = 084BB04910E9A7EA003D2539 /* AppleMailElement.xcodeproj */;
			proxyType = 2;
			remoteGlobalIDString = 8D1AC9740486D14A00FE50C9;
			remoteInfo = "Apple Mail";
		};
		084BB06210E9A803003D2539 /* PBXContainerItemProxy */ = {
			isa = PBXContainerItemProxy;
			containerPortal = 084BB05B10E9A803003D2539 /* ClipboardElement.xcodeproj */;
			proxyType = 2;
			remoteGlobalIDString = 8D1AC9740486D14A00FE50C9;
			remoteInfo = Clipboard;
		};
		084BB06B10E9A80D003D2539 /* PBXContainerItemProxy */ = {
			isa = PBXContainerItemProxy;
			containerPortal = 084BB06410E9A80D003D2539 /* MailSupportElement.xcodeproj */;
			proxyType = 2;
			remoteGlobalIDString = 8D1AC9740486D14A00FE50C9;
			remoteInfo = "Email Support";
		};
		084BB07410E9A817003D2539 /* PBXContainerItemProxy */ = {
			isa = PBXContainerItemProxy;
			containerPortal = 084BB06D10E9A817003D2539 /* WebSearchElement.xcodeproj */;
			proxyType = 2;
			remoteGlobalIDString = 7F7EB2E90BFEB69300AFDF2C;
			remoteInfo = "Web Search";
		};
		084BB07D10E9A820003D2539 /* PBXContainerItemProxy */ = {
			isa = PBXContainerItemProxy;
			containerPortal = 084BB07610E9A820003D2539 /* QSFirefoxPlugIn.xcodeproj */;
			proxyType = 2;
			remoteGlobalIDString = 8D1AC9740486D14A00FE50C9;
			remoteInfo = "Firefox Module";
		};
		084BB08610E9A827003D2539 /* PBXContainerItemProxy */ = {
			isa = PBXContainerItemProxy;
			containerPortal = 084BB07F10E9A827003D2539 /* QSPrimerInterfacePlugIn.xcodeproj */;
			proxyType = 2;
			remoteGlobalIDString = 08E8F58010CA88BA000CB4D9;
			remoteInfo = "Primer Interface";
		};
		084BB08F10E9A82E003D2539 /* PBXContainerItemProxy */ = {
			isa = PBXContainerItemProxy;
			containerPortal = 084BB08810E9A82E003D2539 /* QSTerminalPlugIn.xcodeproj */;
			proxyType = 2;
			remoteGlobalIDString = 8D1AC9740486D14A00FE50C9;
			remoteInfo = "Terminal Module";
		};
		084BB09110E9A842003D2539 /* PBXContainerItemProxy */ = {
			isa = PBXContainerItemProxy;
			containerPortal = 084BB08810E9A82E003D2539 /* QSTerminalPlugIn.xcodeproj */;
			proxyType = 1;
			remoteGlobalIDString = 8D1AC9600486D14A00FE50C9;
			remoteInfo = "Terminal Module";
		};
		084BB09310E9A842003D2539 /* PBXContainerItemProxy */ = {
			isa = PBXContainerItemProxy;
			containerPortal = 084BB05B10E9A803003D2539 /* ClipboardElement.xcodeproj */;
			proxyType = 1;
			remoteGlobalIDString = 8D1AC9600486D14A00FE50C9;
			remoteInfo = Clipboard;
		};
		084BB09510E9A842003D2539 /* PBXContainerItemProxy */ = {
			isa = PBXContainerItemProxy;
			containerPortal = 084BB04010E9A7E1003D2539 /* iTunesElement.xcodeproj */;
			proxyType = 1;
			remoteGlobalIDString = 084A9FFC1094D1D200E2CB93;
			remoteInfo = "iTunes Module";
		};
		084BB09910E9A842003D2539 /* PBXContainerItemProxy */ = {
			isa = PBXContainerItemProxy;
			containerPortal = 084BB06410E9A80D003D2539 /* MailSupportElement.xcodeproj */;
			proxyType = 1;
			remoteGlobalIDString = 8D1AC9600486D14A00FE50C9;
			remoteInfo = "Email Support";
		};
		084BB09B10E9A842003D2539 /* PBXContainerItemProxy */ = {
			isa = PBXContainerItemProxy;
			containerPortal = 084BB07610E9A820003D2539 /* QSFirefoxPlugIn.xcodeproj */;
			proxyType = 1;
			remoteGlobalIDString = 8D1AC9600486D14A00FE50C9;
			remoteInfo = "Firefox Module";
		};
		084BB09D10E9A842003D2539 /* PBXContainerItemProxy */ = {
			isa = PBXContainerItemProxy;
			containerPortal = 084BB03710E9A7D3003D2539 /* QSAddressBookElement.xcodeproj */;
			proxyType = 1;
			remoteGlobalIDString = 8D1AC9600486D14A00FE50C9;
			remoteInfo = "Apple Address Book";
		};
		084BB09F10E9A842003D2539 /* PBXContainerItemProxy */ = {
			isa = PBXContainerItemProxy;
			containerPortal = 084BB06D10E9A817003D2539 /* WebSearchElement.xcodeproj */;
			proxyType = 1;
			remoteGlobalIDString = 7F7EB2D50BFEB69300AFDF2C;
			remoteInfo = "Web Search";
		};
		084BB0A110E9A842003D2539 /* PBXContainerItemProxy */ = {
			isa = PBXContainerItemProxy;
			containerPortal = 084BB07F10E9A827003D2539 /* QSPrimerInterfacePlugIn.xcodeproj */;
			proxyType = 1;
			remoteGlobalIDString = 8D1AC9600486D14A00FE50C9;
			remoteInfo = "Primer Interface";
		};
		084BB0A310E9A842003D2539 /* PBXContainerItemProxy */ = {
			isa = PBXContainerItemProxy;
			containerPortal = 084BB04910E9A7EA003D2539 /* AppleMailElement.xcodeproj */;
			proxyType = 1;
			remoteGlobalIDString = 8D1AC9600486D14A00FE50C9;
			remoteInfo = "Apple Mail";
		};
		085C541C112FA93600E8C4B8 /* PBXContainerItemProxy */ = {
			isa = PBXContainerItemProxy;
			containerPortal = 085C5418112FA93600E8C4B8 /* DictPlugin.xcodeproj */;
			proxyType = 2;
			remoteGlobalIDString = 8D1AC9740486D14A00FE50C9;
			remoteInfo = "Dictionary Module";
		};
		085C541F112FA95100E8C4B8 /* PBXContainerItemProxy */ = {
			isa = PBXContainerItemProxy;
			containerPortal = 085C5418112FA93600E8C4B8 /* DictPlugin.xcodeproj */;
			proxyType = 1;
			remoteGlobalIDString = 8D1AC9600486D14A00FE50C9;
			remoteInfo = "Dictionary Module";
		};
		0861F464133221F300DFE63E /* PBXContainerItemProxy */ = {
			isa = PBXContainerItemProxy;
			containerPortal = 084BB05210E9A7F6003D2539 /* QSDeliciousPlugIn.xcodeproj */;
			proxyType = 2;
			remoteGlobalIDString = 8D1AC9740486D14A00FE50C9;
			remoteInfo = "Social Bookmarks Module";
		};
		0861F47C133223B300DFE63E /* PBXContainerItemProxy */ = {
			isa = PBXContainerItemProxy;
			containerPortal = 084BB05210E9A7F6003D2539 /* QSDeliciousPlugIn.xcodeproj */;
			proxyType = 1;
			remoteGlobalIDString = 8D1AC9600486D14A00FE50C9;
			remoteInfo = "Social Bookmarks Module";
		};
		08B78D54113121C400DC1360 /* PBXContainerItemProxy */ = {
			isa = PBXContainerItemProxy;
			containerPortal = 08B78D4D113121C400DC1360 /* ChromeElement.xcodeproj */;
			proxyType = 2;
			remoteGlobalIDString = 089236BA1130FA22005CE45C;
			remoteInfo = "Chrome Module";
		};
		08B78D56113121CD00DC1360 /* PBXContainerItemProxy */ = {
			isa = PBXContainerItemProxy;
			containerPortal = 08B78D4D113121C400DC1360 /* ChromeElement.xcodeproj */;
			proxyType = 1;
			remoteGlobalIDString = 089236B91130FA22005CE45C;
			remoteInfo = "Chrome Module";
		};
		08E362B0110B3168008F2E6A /* PBXContainerItemProxy */ = {
			isa = PBXContainerItemProxy;
			containerPortal = 08E362A9110B3167008F2E6A /* SafariElement.xcodeproj */;
			proxyType = 2;
			remoteGlobalIDString = 8D5B49B6048680CD000E48DA;
			remoteInfo = Safari;
		};
		08E362C3110B31A9008F2E6A /* PBXContainerItemProxy */ = {
			isa = PBXContainerItemProxy;
			containerPortal = 08E362A9110B3167008F2E6A /* SafariElement.xcodeproj */;
			proxyType = 1;
			remoteGlobalIDString = 8D5B49AC048680CD000E48DA;
			remoteInfo = Safari;
		};
/* End PBXContainerItemProxy section */

/* Begin PBXCopyFilesBuildPhase section */
		08B2FF4510F0168800C3175C /* CopyFiles */ = {
			isa = PBXCopyFilesBuildPhase;
			buildActionMask = 2147483647;
			dstPath = Quicksilver.app/Contents/PlugIns;
			dstSubfolderSpec = 16;
			files = (
				0861F47F133223EA00DFE63E /* Chrome Module.element in CopyFiles */,
				0861F47E133223C900DFE63E /* Social Bookmarks Module.element in CopyFiles */,
				0847167E112598F100BA7FC5 /* Safari.element in CopyFiles */,
				08B2FF6210F017FB00C3175C /* iTunes Module.element in CopyFiles */,
				08B2FF6310F017FB00C3175C /* Apple Address Book.element in CopyFiles */,
				08B2FF6410F017FB00C3175C /* Bezel Interface.element in CopyFiles */,
				08B2FF5E10F017F000C3175C /* Email Support.element in CopyFiles */,
				08B2FF5F10F017F000C3175C /* Clipboard.element in CopyFiles */,
				08B2FF6110F017F000C3175C /* Apple Mail.element in CopyFiles */,
				08B2FF5B10F017DC00C3175C /* Primer Interface.element in CopyFiles */,
				08B2FF5C10F017DC00C3175C /* Firefox Module.element in CopyFiles */,
				08B2FF5D10F017DC00C3175C /* Web Search.element in CopyFiles */,
				08B2FF5A10F017C700C3175C /* Terminal Module.element in CopyFiles */,
				085C541E112FA93E00E8C4B8 /* Dictionary Module.element in CopyFiles */,
			);
			runOnlyForDeploymentPostprocessing = 0;
		};
/* End PBXCopyFilesBuildPhase section */

/* Begin PBXFileReference section */
		084BB02610E9A753003D2539 /* QSBezelInterfacePlugIn.xcodeproj */ = {isa = PBXFileReference; lastKnownFileType = "wrapper.pb-project"; name = QSBezelInterfacePlugIn.xcodeproj; path = Bezel/QSBezelInterfacePlugIn.xcodeproj; sourceTree = "<group>"; };
		084BB03710E9A7D3003D2539 /* QSAddressBookElement.xcodeproj */ = {isa = PBXFileReference; lastKnownFileType = "wrapper.pb-project"; name = QSAddressBookElement.xcodeproj; path = com.apple.AddressBook/QSAddressBookElement.xcodeproj; sourceTree = "<group>"; };
		084BB04010E9A7E1003D2539 /* iTunesElement.xcodeproj */ = {isa = PBXFileReference; lastKnownFileType = "wrapper.pb-project"; name = iTunesElement.xcodeproj; path = com.apple.iTunes/iTunesElement.xcodeproj; sourceTree = "<group>"; };
		084BB04910E9A7EA003D2539 /* AppleMailElement.xcodeproj */ = {isa = PBXFileReference; lastKnownFileType = "wrapper.pb-project"; name = AppleMailElement.xcodeproj; path = com.apple.Mail/AppleMailElement.xcodeproj; sourceTree = "<group>"; };
		084BB05210E9A7F6003D2539 /* QSDeliciousPlugIn.xcodeproj */ = {isa = PBXFileReference; lastKnownFileType = "wrapper.pb-project"; name = QSDeliciousPlugIn.xcodeproj; path = elements.socialbookmarks/QSDeliciousPlugIn.xcodeproj; sourceTree = "<group>"; };
		084BB05B10E9A803003D2539 /* ClipboardElement.xcodeproj */ = {isa = PBXFileReference; lastKnownFileType = "wrapper.pb-project"; name = ClipboardElement.xcodeproj; path = elements.clipboard/ClipboardElement.xcodeproj; sourceTree = "<group>"; };
		084BB06410E9A80D003D2539 /* MailSupportElement.xcodeproj */ = {isa = PBXFileReference; lastKnownFileType = "wrapper.pb-project"; name = MailSupportElement.xcodeproj; path = elements.support.mail/MailSupportElement.xcodeproj; sourceTree = "<group>"; };
		084BB06D10E9A817003D2539 /* WebSearchElement.xcodeproj */ = {isa = PBXFileReference; lastKnownFileType = "wrapper.pb-project"; name = WebSearchElement.xcodeproj; path = elements.websearch/WebSearchElement.xcodeproj; sourceTree = "<group>"; };
		084BB07610E9A820003D2539 /* QSFirefoxPlugIn.xcodeproj */ = {isa = PBXFileReference; lastKnownFileType = "wrapper.pb-project"; name = QSFirefoxPlugIn.xcodeproj; path = Firefox/QSFirefoxPlugIn.xcodeproj; sourceTree = "<group>"; };
		084BB07F10E9A827003D2539 /* QSPrimerInterfacePlugIn.xcodeproj */ = {isa = PBXFileReference; lastKnownFileType = "wrapper.pb-project"; name = QSPrimerInterfacePlugIn.xcodeproj; path = PrimerInterface/QSPrimerInterfacePlugIn.xcodeproj; sourceTree = "<group>"; };
		084BB08810E9A82E003D2539 /* QSTerminalPlugIn.xcodeproj */ = {isa = PBXFileReference; lastKnownFileType = "wrapper.pb-project"; name = QSTerminalPlugIn.xcodeproj; path = Terminal/QSTerminalPlugIn.xcodeproj; sourceTree = "<group>"; };
		084BB0A610E9A88B003D2539 /* Common.xcconfig */ = {isa = PBXFileReference; fileEncoding = 4; lastKnownFileType = text.xcconfig; name = Common.xcconfig; path = Configuration/Common.xcconfig; sourceTree = QS_SOURCE_ROOT; };
		084BB0A710E9A88B003D2539 /* Debug.xcconfig */ = {isa = PBXFileReference; fileEncoding = 4; lastKnownFileType = text.xcconfig; name = Debug.xcconfig; path = Configuration/Debug.xcconfig; sourceTree = QS_SOURCE_ROOT; };
		084BB0A810E9A88B003D2539 /* Developer.xcconfig */ = {isa = PBXFileReference; fileEncoding = 4; lastKnownFileType = text.xcconfig; name = Developer.xcconfig; path = Configuration/Developer.xcconfig; sourceTree = QS_SOURCE_ROOT; };
		084BB0A910E9A88B003D2539 /* QSElement.xcconfig */ = {isa = PBXFileReference; fileEncoding = 4; lastKnownFileType = text.xcconfig; name = QSElement.xcconfig; path = Configuration/QSElement.xcconfig; sourceTree = QS_SOURCE_ROOT; };
		084BB0AA10E9A88B003D2539 /* QSElement_Prefix.pch */ = {isa = PBXFileReference; fileEncoding = 4; lastKnownFileType = sourcecode.c.h; name = QSElement_Prefix.pch; path = Configuration/QSElement_Prefix.pch; sourceTree = QS_SOURCE_ROOT; };
		084BB0AB10E9A88B003D2539 /* QSPlugIn.xcconfig */ = {isa = PBXFileReference; fileEncoding = 4; lastKnownFileType = text.xcconfig; name = QSPlugIn.xcconfig; path = Configuration/QSPlugIn.xcconfig; sourceTree = QS_SOURCE_ROOT; };
		084BB0AC10E9A88B003D2539 /* QSPlugIn_Prefix.pch */ = {isa = PBXFileReference; fileEncoding = 4; lastKnownFileType = sourcecode.c.h; name = QSPlugIn_Prefix.pch; path = Configuration/QSPlugIn_Prefix.pch; sourceTree = QS_SOURCE_ROOT; };
		084BB0AD10E9A88B003D2539 /* Release.xcconfig */ = {isa = PBXFileReference; fileEncoding = 4; lastKnownFileType = text.xcconfig; name = Release.xcconfig; path = Configuration/Release.xcconfig; sourceTree = QS_SOURCE_ROOT; };
		085C5418112FA93600E8C4B8 /* DictPlugin.xcodeproj */ = {isa = PBXFileReference; lastKnownFileType = "wrapper.pb-project"; name = DictPlugin.xcodeproj; path = Dictionary/DictPlugin.xcodeproj; sourceTree = "<group>"; };
		08B78D4D113121C400DC1360 /* ChromeElement.xcodeproj */ = {isa = PBXFileReference; lastKnownFileType = "wrapper.pb-project"; name = ChromeElement.xcodeproj; path = com.google.Chrome/ChromeElement.xcodeproj; sourceTree = "<group>"; };
		08E362A9110B3167008F2E6A /* SafariElement.xcodeproj */ = {isa = PBXFileReference; lastKnownFileType = "wrapper.pb-project"; name = SafariElement.xcodeproj; path = com.apple.Safari/SafariElement.xcodeproj; sourceTree = "<group>"; };
/* End PBXFileReference section */

/* Begin PBXGroup section */
		084BB01310E9A722003D2539 = {
			isa = PBXGroup;
			children = (
				084BB0A510E9A88B003D2539 /* Configuration */,
				08B78D4D113121C400DC1360 /* ChromeElement.xcodeproj */,
				085C5418112FA93600E8C4B8 /* DictPlugin.xcodeproj */,
				084BB08810E9A82E003D2539 /* QSTerminalPlugIn.xcodeproj */,
				084BB07F10E9A827003D2539 /* QSPrimerInterfacePlugIn.xcodeproj */,
				084BB07610E9A820003D2539 /* QSFirefoxPlugIn.xcodeproj */,
				084BB06D10E9A817003D2539 /* WebSearchElement.xcodeproj */,
				084BB06410E9A80D003D2539 /* MailSupportElement.xcodeproj */,
				084BB05B10E9A803003D2539 /* ClipboardElement.xcodeproj */,
				084BB05210E9A7F6003D2539 /* QSDeliciousPlugIn.xcodeproj */,
				084BB04910E9A7EA003D2539 /* AppleMailElement.xcodeproj */,
				084BB04010E9A7E1003D2539 /* iTunesElement.xcodeproj */,
				084BB03710E9A7D3003D2539 /* QSAddressBookElement.xcodeproj */,
				084BB02610E9A753003D2539 /* QSBezelInterfacePlugIn.xcodeproj */,
				08E362A9110B3167008F2E6A /* SafariElement.xcodeproj */,
			);
			sourceTree = "<group>";
		};
		084BB02710E9A753003D2539 /* Products */ = {
			isa = PBXGroup;
			children = (
				084BB02E10E9A753003D2539 /* Bezel Interface.element */,
			);
			name = Products;
			sourceTree = "<group>";
		};
		084BB03810E9A7D3003D2539 /* Products */ = {
			isa = PBXGroup;
			children = (
				084BB03F10E9A7D3003D2539 /* Apple Address Book.element */,
			);
			name = Products;
			sourceTree = "<group>";
		};
		084BB04110E9A7E1003D2539 /* Products */ = {
			isa = PBXGroup;
			children = (
				084BB04810E9A7E1003D2539 /* iTunes Module.element */,
			);
			name = Products;
			sourceTree = "<group>";
		};
		084BB04A10E9A7EA003D2539 /* Products */ = {
			isa = PBXGroup;
			children = (
				084BB05110E9A7EA003D2539 /* Apple Mail.element */,
			);
			name = Products;
			sourceTree = "<group>";
		};
		084BB05C10E9A803003D2539 /* Products */ = {
			isa = PBXGroup;
			children = (
				084BB06310E9A803003D2539 /* Clipboard.element */,
			);
			name = Products;
			sourceTree = "<group>";
		};
		084BB06510E9A80D003D2539 /* Products */ = {
			isa = PBXGroup;
			children = (
				084BB06C10E9A80D003D2539 /* Email Support.element */,
			);
			name = Products;
			sourceTree = "<group>";
		};
		084BB06E10E9A817003D2539 /* Products */ = {
			isa = PBXGroup;
			children = (
				084BB07510E9A817003D2539 /* Web Search.element */,
			);
			name = Products;
			sourceTree = "<group>";
		};
		084BB07710E9A820003D2539 /* Products */ = {
			isa = PBXGroup;
			children = (
				084BB07E10E9A820003D2539 /* Firefox Module.element */,
			);
			name = Products;
			sourceTree = "<group>";
		};
		084BB08010E9A827003D2539 /* Products */ = {
			isa = PBXGroup;
			children = (
				084BB08710E9A827003D2539 /* Primer Interface.element */,
			);
			name = Products;
			sourceTree = "<group>";
		};
		084BB08910E9A82E003D2539 /* Products */ = {
			isa = PBXGroup;
			children = (
				084BB09010E9A82E003D2539 /* Terminal Module.element */,
			);
			name = Products;
			sourceTree = "<group>";
		};
		084BB0A510E9A88B003D2539 /* Configuration */ = {
			isa = PBXGroup;
			children = (
				084BB0A610E9A88B003D2539 /* Common.xcconfig */,
				084BB0A710E9A88B003D2539 /* Debug.xcconfig */,
				084BB0A810E9A88B003D2539 /* Developer.xcconfig */,
				084BB0A910E9A88B003D2539 /* QSElement.xcconfig */,
				084BB0AA10E9A88B003D2539 /* QSElement_Prefix.pch */,
				084BB0AB10E9A88B003D2539 /* QSPlugIn.xcconfig */,
				084BB0AC10E9A88B003D2539 /* QSPlugIn_Prefix.pch */,
				084BB0AD10E9A88B003D2539 /* Release.xcconfig */,
			);
			path = Configuration;
			sourceTree = QS_SOURCE_ROOT;
		};
		085C5419112FA93600E8C4B8 /* Products */ = {
			isa = PBXGroup;
			children = (
				085C541D112FA93600E8C4B8 /* Dictionary Module.element */,
			);
			name = Products;
			sourceTree = "<group>";
		};
		0861F461133221F300DFE63E /* Products */ = {
			isa = PBXGroup;
			children = (
				0861F465133221F300DFE63E /* Social Bookmarks Module.element */,
			);
			name = Products;
			sourceTree = "<group>";
		};
		08B78D4E113121C400DC1360 /* Products */ = {
			isa = PBXGroup;
			children = (
				08B78D55113121C400DC1360 /* Chrome Module.element */,
			);
			name = Products;
			sourceTree = "<group>";
		};
		08E362AA110B3167008F2E6A /* Products */ = {
			isa = PBXGroup;
			children = (
				08E362B1110B3168008F2E6A /* Safari.element */,
			);
			name = Products;
			sourceTree = "<group>";
		};
/* End PBXGroup section */

/* Begin PBXProject section */
		084BB01510E9A722003D2539 /* Project object */ = {
			isa = PBXProject;
			attributes = {
			};
			buildConfigurationList = 084BB01810E9A722003D2539 /* Build configuration list for PBXProject "AllPlugins" */;
			compatibilityVersion = "Xcode 2.4";
			developmentRegion = English;
			hasScannedForEncodings = 0;
			knownRegions = (
				English,
				Japanese,
				French,
				German,
			);
			mainGroup = 084BB01310E9A722003D2539;
			projectDirPath = "";
			projectReferences = (
				{
					ProductGroup = 084BB04A10E9A7EA003D2539 /* Products */;
					ProjectRef = 084BB04910E9A7EA003D2539 /* AppleMailElement.xcodeproj */;
				},
				{
					ProductGroup = 08B78D4E113121C400DC1360 /* Products */;
					ProjectRef = 08B78D4D113121C400DC1360 /* ChromeElement.xcodeproj */;
				},
				{
					ProductGroup = 084BB05C10E9A803003D2539 /* Products */;
					ProjectRef = 084BB05B10E9A803003D2539 /* ClipboardElement.xcodeproj */;
				},
				{
					ProductGroup = 085C5419112FA93600E8C4B8 /* Products */;
					ProjectRef = 085C5418112FA93600E8C4B8 /* DictPlugin.xcodeproj */;
				},
				{
					ProductGroup = 084BB04110E9A7E1003D2539 /* Products */;
					ProjectRef = 084BB04010E9A7E1003D2539 /* iTunesElement.xcodeproj */;
				},
				{
					ProductGroup = 084BB06510E9A80D003D2539 /* Products */;
					ProjectRef = 084BB06410E9A80D003D2539 /* MailSupportElement.xcodeproj */;
				},
				{
					ProductGroup = 084BB03810E9A7D3003D2539 /* Products */;
					ProjectRef = 084BB03710E9A7D3003D2539 /* QSAddressBookElement.xcodeproj */;
				},
				{
					ProductGroup = 084BB02710E9A753003D2539 /* Products */;
					ProjectRef = 084BB02610E9A753003D2539 /* QSBezelInterfacePlugIn.xcodeproj */;
				},
				{
					ProductGroup = 0861F461133221F300DFE63E /* Products */;
					ProjectRef = 084BB05210E9A7F6003D2539 /* QSDeliciousPlugIn.xcodeproj */;
				},
				{
					ProductGroup = 084BB07710E9A820003D2539 /* Products */;
					ProjectRef = 084BB07610E9A820003D2539 /* QSFirefoxPlugIn.xcodeproj */;
				},
				{
					ProductGroup = 084BB08010E9A827003D2539 /* Products */;
					ProjectRef = 084BB07F10E9A827003D2539 /* QSPrimerInterfacePlugIn.xcodeproj */;
				},
				{
					ProductGroup = 084BB08910E9A82E003D2539 /* Products */;
					ProjectRef = 084BB08810E9A82E003D2539 /* QSTerminalPlugIn.xcodeproj */;
				},
				{
					ProductGroup = 08E362AA110B3167008F2E6A /* Products */;
					ProjectRef = 08E362A9110B3167008F2E6A /* SafariElement.xcodeproj */;
				},
				{
					ProductGroup = 084BB06E10E9A817003D2539 /* Products */;
					ProjectRef = 084BB06D10E9A817003D2539 /* WebSearchElement.xcodeproj */;
				},
			);
			projectRoot = "";
			targets = (
				084BB02F10E9A77B003D2539 /* Build All Plugins */,
			);
		};
/* End PBXProject section */

/* Begin PBXReferenceProxy section */
		084BB02E10E9A753003D2539 /* Bezel Interface.element */ = {
			isa = PBXReferenceProxy;
			fileType = wrapper.cfbundle;
			path = "Bezel Interface.element";
			remoteRef = 084BB02D10E9A753003D2539 /* PBXContainerItemProxy */;
			sourceTree = BUILT_PRODUCTS_DIR;
		};
		084BB03F10E9A7D3003D2539 /* Apple Address Book.element */ = {
			isa = PBXReferenceProxy;
			fileType = wrapper.cfbundle;
			path = "Apple Address Book.element";
			remoteRef = 084BB03E10E9A7D3003D2539 /* PBXContainerItemProxy */;
			sourceTree = BUILT_PRODUCTS_DIR;
		};
		084BB04810E9A7E1003D2539 /* iTunes Module.element */ = {
			isa = PBXReferenceProxy;
			fileType = wrapper.cfbundle;
			path = "iTunes Module.element";
			remoteRef = 084BB04710E9A7E1003D2539 /* PBXContainerItemProxy */;
			sourceTree = BUILT_PRODUCTS_DIR;
		};
		084BB05110E9A7EA003D2539 /* Apple Mail.element */ = {
			isa = PBXReferenceProxy;
			fileType = wrapper.cfbundle;
			path = "Apple Mail.element";
			remoteRef = 084BB05010E9A7EA003D2539 /* PBXContainerItemProxy */;
			sourceTree = BUILT_PRODUCTS_DIR;
		};
		084BB06310E9A803003D2539 /* Clipboard.element */ = {
			isa = PBXReferenceProxy;
			fileType = wrapper.cfbundle;
			path = Clipboard.element;
			remoteRef = 084BB06210E9A803003D2539 /* PBXContainerItemProxy */;
			sourceTree = BUILT_PRODUCTS_DIR;
		};
		084BB06C10E9A80D003D2539 /* Email Support.element */ = {
			isa = PBXReferenceProxy;
			fileType = wrapper.cfbundle;
			path = "Email Support.element";
			remoteRef = 084BB06B10E9A80D003D2539 /* PBXContainerItemProxy */;
			sourceTree = BUILT_PRODUCTS_DIR;
		};
		084BB07510E9A817003D2539 /* Web Search.element */ = {
			isa = PBXReferenceProxy;
			fileType = wrapper.cfbundle;
			path = "Web Search.element";
			remoteRef = 084BB07410E9A817003D2539 /* PBXContainerItemProxy */;
			sourceTree = BUILT_PRODUCTS_DIR;
		};
		084BB07E10E9A820003D2539 /* Firefox Module.element */ = {
			isa = PBXReferenceProxy;
			fileType = wrapper.cfbundle;
			path = "Firefox Module.element";
			remoteRef = 084BB07D10E9A820003D2539 /* PBXContainerItemProxy */;
			sourceTree = BUILT_PRODUCTS_DIR;
		};
		084BB08710E9A827003D2539 /* Primer Interface.element */ = {
			isa = PBXReferenceProxy;
			fileType = wrapper.cfbundle;
			path = "Primer Interface.element";
			remoteRef = 084BB08610E9A827003D2539 /* PBXContainerItemProxy */;
			sourceTree = BUILT_PRODUCTS_DIR;
		};
		084BB09010E9A82E003D2539 /* Terminal Module.element */ = {
			isa = PBXReferenceProxy;
			fileType = wrapper.cfbundle;
			path = "Terminal Module.element";
			remoteRef = 084BB08F10E9A82E003D2539 /* PBXContainerItemProxy */;
			sourceTree = BUILT_PRODUCTS_DIR;
		};
		085C541D112FA93600E8C4B8 /* Dictionary Module.element */ = {
			isa = PBXReferenceProxy;
			fileType = wrapper.cfbundle;
			path = "Dictionary Module.element";
			remoteRef = 085C541C112FA93600E8C4B8 /* PBXContainerItemProxy */;
			sourceTree = BUILT_PRODUCTS_DIR;
		};
		0861F465133221F300DFE63E /* Social Bookmarks Module.element */ = {
			isa = PBXReferenceProxy;
			fileType = wrapper.cfbundle;
			path = "Social Bookmarks Module.element";
			remoteRef = 0861F464133221F300DFE63E /* PBXContainerItemProxy */;
			sourceTree = BUILT_PRODUCTS_DIR;
		};
		08B78D55113121C400DC1360 /* Chrome Module.element */ = {
			isa = PBXReferenceProxy;
			fileType = wrapper.cfbundle;
			path = "Chrome Module.element";
			remoteRef = 08B78D54113121C400DC1360 /* PBXContainerItemProxy */;
			sourceTree = BUILT_PRODUCTS_DIR;
		};
		08E362B1110B3168008F2E6A /* Safari.element */ = {
			isa = PBXReferenceProxy;
			fileType = wrapper.cfbundle;
			path = Safari.element;
			remoteRef = 08E362B0110B3168008F2E6A /* PBXContainerItemProxy */;
			sourceTree = BUILT_PRODUCTS_DIR;
		};
/* End PBXReferenceProxy section */

/* Begin PBXTargetDependency section */
		084BB03410E9A7BF003D2539 /* PBXTargetDependency */ = {
			isa = PBXTargetDependency;
			name = "Bezel Interface";
			targetProxy = 084BB03310E9A7BF003D2539 /* PBXContainerItemProxy */;
		};
		084BB09210E9A842003D2539 /* PBXTargetDependency */ = {
			isa = PBXTargetDependency;
			name = "Terminal Module";
			targetProxy = 084BB09110E9A842003D2539 /* PBXContainerItemProxy */;
		};
		084BB09410E9A842003D2539 /* PBXTargetDependency */ = {
			isa = PBXTargetDependency;
			name = Clipboard;
			targetProxy = 084BB09310E9A842003D2539 /* PBXContainerItemProxy */;
		};
		084BB09610E9A842003D2539 /* PBXTargetDependency */ = {
			isa = PBXTargetDependency;
			name = "iTunes Module";
			targetProxy = 084BB09510E9A842003D2539 /* PBXContainerItemProxy */;
		};
		084BB09A10E9A842003D2539 /* PBXTargetDependency */ = {
			isa = PBXTargetDependency;
			name = "Email Support";
			targetProxy = 084BB09910E9A842003D2539 /* PBXContainerItemProxy */;
		};
		084BB09C10E9A842003D2539 /* PBXTargetDependency */ = {
			isa = PBXTargetDependency;
			name = "Firefox Module";
			targetProxy = 084BB09B10E9A842003D2539 /* PBXContainerItemProxy */;
		};
		084BB09E10E9A842003D2539 /* PBXTargetDependency */ = {
			isa = PBXTargetDependency;
			name = "Apple Address Book";
			targetProxy = 084BB09D10E9A842003D2539 /* PBXContainerItemProxy */;
		};
		084BB0A010E9A842003D2539 /* PBXTargetDependency */ = {
			isa = PBXTargetDependency;
			name = "Web Search";
			targetProxy = 084BB09F10E9A842003D2539 /* PBXContainerItemProxy */;
		};
		084BB0A210E9A842003D2539 /* PBXTargetDependency */ = {
			isa = PBXTargetDependency;
			name = "Primer Interface";
			targetProxy = 084BB0A110E9A842003D2539 /* PBXContainerItemProxy */;
		};
		084BB0A410E9A842003D2539 /* PBXTargetDependency */ = {
			isa = PBXTargetDependency;
			name = "Apple Mail";
			targetProxy = 084BB0A310E9A842003D2539 /* PBXContainerItemProxy */;
		};
		085C5420112FA95100E8C4B8 /* PBXTargetDependency */ = {
			isa = PBXTargetDependency;
			name = "Dictionary Module";
			targetProxy = 085C541F112FA95100E8C4B8 /* PBXContainerItemProxy */;
		};
		0861F47D133223B300DFE63E /* PBXTargetDependency */ = {
			isa = PBXTargetDependency;
			name = "Social Bookmarks Module";
			targetProxy = 0861F47C133223B300DFE63E /* PBXContainerItemProxy */;
		};
		08B78D57113121CD00DC1360 /* PBXTargetDependency */ = {
			isa = PBXTargetDependency;
			name = "Chrome Module";
			targetProxy = 08B78D56113121CD00DC1360 /* PBXContainerItemProxy */;
		};
		08E362C4110B31A9008F2E6A /* PBXTargetDependency */ = {
			isa = PBXTargetDependency;
			name = Safari;
			targetProxy = 08E362C3110B31A9008F2E6A /* PBXContainerItemProxy */;
		};
/* End PBXTargetDependency section */

/* Begin XCBuildConfiguration section */
		084BB01610E9A722003D2539 /* Debug */ = {
			isa = XCBuildConfiguration;
			baseConfigurationReference = 084BB0A710E9A88B003D2539 /* Debug.xcconfig */;
			buildSettings = {
				COPY_PHASE_STRIP = NO;
			};
			name = Debug;
		};
		084BB01710E9A722003D2539 /* Release */ = {
			isa = XCBuildConfiguration;
			baseConfigurationReference = 084BB0AD10E9A88B003D2539 /* Release.xcconfig */;
			buildSettings = {
				COPY_PHASE_STRIP = YES;
			};
			name = Release;
		};
		084BB03010E9A77B003D2539 /* Debug */ = {
			isa = XCBuildConfiguration;
			buildSettings = {
				COPY_PHASE_STRIP = NO;
				GCC_DYNAMIC_NO_PIC = NO;
				GCC_OPTIMIZATION_LEVEL = 0;
				PRODUCT_NAME = "Build All Plugins";
			};
			name = Debug;
		};
		084BB03110E9A77B003D2539 /* Release */ = {
			isa = XCBuildConfiguration;
			buildSettings = {
				COPY_PHASE_STRIP = YES;
				DEBUG_INFORMATION_FORMAT = "dwarf-with-dsym";
				GCC_ENABLE_FIX_AND_CONTINUE = NO;
				PRODUCT_NAME = "Build All Plugins";
				ZERO_LINK = NO;
			};
			name = Release;
		};
/* End XCBuildConfiguration section */

/* Begin XCConfigurationList section */
		084BB01810E9A722003D2539 /* Build configuration list for PBXProject "AllPlugins" */ = {
			isa = XCConfigurationList;
			buildConfigurations = (
				084BB01610E9A722003D2539 /* Debug */,
				084BB01710E9A722003D2539 /* Release */,
			);
			defaultConfigurationIsVisible = 0;
			defaultConfigurationName = Debug;
		};
		084BB03210E9A799003D2539 /* Build configuration list for PBXAggregateTarget "Build All Plugins" */ = {
			isa = XCConfigurationList;
			buildConfigurations = (
				084BB03010E9A77B003D2539 /* Debug */,
				084BB03110E9A77B003D2539 /* Release */,
			);
			defaultConfigurationIsVisible = 0;
			defaultConfigurationName = Debug;
		};
/* End XCConfigurationList section */
	};
	rootObject = 084BB01510E9A722003D2539 /* Project object */;
}
