// !$*UTF8*$!
{
	archiveVersion = 1;
	classes = {
	};
	objectVersion = 42;
	objects = {

/* Begin PBXBuildFile section */
		08016CFD108F5B6C00FF7B19 /* QSDeliciousPlugIn_Action.h in Headers */ = {isa = PBXBuildFile; fileRef = 087D5A0A108F5A92001FF05F /* QSDeliciousPlugIn_Action.h */; };
		08016CFE108F5B6D00FF7B19 /* QSDeliciousPlugIn.h in Headers */ = {isa = PBXBuildFile; fileRef = 087D5A0C108F5A92001FF05F /* QSDeliciousPlugIn.h */; };
		0846179B12F2121C00A403DF /* JSON.framework in CopyFiles */ = {isa = PBXBuildFile; fileRef = 0846179212F2120800A403DF /* JSON.framework */; };
		084617F012F2A1B200A403DF /* JSON.framework in Frameworks */ = {isa = PBXBuildFile; fileRef = 0846179212F2120800A403DF /* JSON.framework */; };
		0853D8D1108F5C1C005FEEF0 /* element.xml in Resources */ = {isa = PBXBuildFile; fileRef = 0853D8D0108F5C1C005FEEF0 /* element.xml */; };
		087D59BB108F571A001FF05F /* Common.xcconfig in Resources */ = {isa = PBXBuildFile; fileRef = 087D59B3108F571A001FF05F /* Common.xcconfig */; };
		087D59BC108F571A001FF05F /* Debug.xcconfig in Resources */ = {isa = PBXBuildFile; fileRef = 087D59B4108F571A001FF05F /* Debug.xcconfig */; };
		087D59BD108F571A001FF05F /* Developer.xcconfig in Resources */ = {isa = PBXBuildFile; fileRef = 087D59B5108F571A001FF05F /* Developer.xcconfig */; };
		087D59BE108F571A001FF05F /* QSElement.xcconfig in Resources */ = {isa = PBXBuildFile; fileRef = 087D59B7108F571A001FF05F /* QSElement.xcconfig */; };
		087D59BF108F571A001FF05F /* QSPlugIn.xcconfig in Resources */ = {isa = PBXBuildFile; fileRef = 087D59B9108F571A001FF05F /* QSPlugIn.xcconfig */; };
		087D59C0108F571A001FF05F /* Release.xcconfig in Resources */ = {isa = PBXBuildFile; fileRef = 087D59BA108F571A001FF05F /* Release.xcconfig */; };
		087D5A0E108F5A92001FF05F /* QSDeliciousPlugIn_Action.m in Sources */ = {isa = PBXBuildFile; fileRef = 087D5A0B108F5A92001FF05F /* QSDeliciousPlugIn_Action.m */; };
		087D5A0F108F5A92001FF05F /* QSDeliciousPlugIn.m in Sources */ = {isa = PBXBuildFile; fileRef = 087D5A0D108F5A92001FF05F /* QSDeliciousPlugIn.m */; };
		087D5A18108F5B0C001FF05F /* del.icio.us.png in Resources */ = {isa = PBXBuildFile; fileRef = 087D5A16108F5B0C001FF05F /* del.icio.us.png */; };
		087D5A19108F5B0C001FF05F /* del.icio.us.tif in Resources */ = {isa = PBXBuildFile; fileRef = 087D5A17108F5B0C001FF05F /* del.icio.us.tif */; };
		7F8AD05107F2503600011548 /* QSDeliciousPlugInSource.nib in Resources */ = {isa = PBXBuildFile; fileRef = 7F8AD05007F2503600011548 /* QSDeliciousPlugInSource.nib */; };
		7F9441A10803A9D9007EDC31 /* QSObjectSource.name.strings in Resources */ = {isa = PBXBuildFile; fileRef = 7F9441A00803A9D9007EDC31 /* QSObjectSource.name.strings */; };
		7FB0DC1A0B91FF8600A5B6FF /* bookmark_icon.png in Resources */ = {isa = PBXBuildFile; fileRef = 7FB0DC190B91FF8600A5B6FF /* bookmark_icon.png */; };
		8D1AC9700486D14A00FE50C9 /* Cocoa.framework in Frameworks */ = {isa = PBXBuildFile; fileRef = DD92D38A0106425D02CA0E72 /* Cocoa.framework */; };
		E182BCD306FC8203007BF2C2 /* QSDeliciousPlugIn_Source.h in Resources */ = {isa = PBXBuildFile; fileRef = E182BCCF06FC8203007BF2C2 /* QSDeliciousPlugIn_Source.h */; };
		E182BCD406FC8203007BF2C2 /* QSDeliciousPlugIn_Source.m in Sources */ = {isa = PBXBuildFile; fileRef = E182BCD006FC8203007BF2C2 /* QSDeliciousPlugIn_Source.m */; };
		E182BE2506FC9AB5007BF2C2 /* QSDeliciousPrefPane.h in Resources */ = {isa = PBXBuildFile; fileRef = E182BE2206FC9AB5007BF2C2 /* QSDeliciousPrefPane.h */; };
		E182BE2606FC9AB5007BF2C2 /* QSDeliciousPrefPane.m in Sources */ = {isa = PBXBuildFile; fileRef = E182BE2306FC9AB5007BF2C2 /* QSDeliciousPrefPane.m */; };
		E182BE3C06FC9B13007BF2C2 /* Localizable.strings in Resources */ = {isa = PBXBuildFile; fileRef = E182BE3A06FC9B13007BF2C2 /* Localizable.strings */; };
		E182BE5B06FC9C46007BF2C2 /* PreferencePanes.framework in Frameworks */ = {isa = PBXBuildFile; fileRef = E182BE5A06FC9C46007BF2C2 /* PreferencePanes.framework */; };
/* End PBXBuildFile section */

/* Begin PBXContainerItemProxy section */
		0846179112F2120800A403DF /* PBXContainerItemProxy */ = {
			isa = PBXContainerItemProxy;
			containerPortal = 0846178612F2120800A403DF /* JSON.xcodeproj */;
			proxyType = 2;
			remoteGlobalIDString = 53D229810C96121600276605;
			remoteInfo = JSON;
		};
		0846179312F2120800A403DF /* PBXContainerItemProxy */ = {
			isa = PBXContainerItemProxy;
			containerPortal = 0846178612F2120800A403DF /* JSON.xcodeproj */;
			proxyType = 2;
			remoteGlobalIDString = 53D2298D0C96122A00276605;
			remoteInfo = Tests;
		};
		0846179512F2120800A403DF /* PBXContainerItemProxy */ = {
			isa = PBXContainerItemProxy;
			containerPortal = 0846178612F2120800A403DF /* JSON.xcodeproj */;
			proxyType = 2;
			remoteGlobalIDString = FE2BBD800D8B0D3900184787;
			remoteInfo = libjson;
		};
		0846179712F2120800A403DF /* PBXContainerItemProxy */ = {
			isa = PBXContainerItemProxy;
			containerPortal = 0846178612F2120800A403DF /* JSON.xcodeproj */;
			proxyType = 2;
			remoteGlobalIDString = FE2BBDAB0D8B0EE000184787;
			remoteInfo = libjsontests;
		};
		0846179912F2121000A403DF /* PBXContainerItemProxy */ = {
			isa = PBXContainerItemProxy;
			containerPortal = 0846178612F2120800A403DF /* JSON.xcodeproj */;
			proxyType = 1;
			remoteGlobalIDString = 53D229800C96121600276605;
			remoteInfo = JSON;
		};
/* End PBXContainerItemProxy section */

/* Begin PBXCopyFilesBuildPhase section */
		08DF311112F1F0590039252F /* CopyFiles */ = {
			isa = PBXCopyFilesBuildPhase;
			buildActionMask = 2147483647;
			dstPath = "";
			dstSubfolderSpec = 10;
			files = (
				0846179B12F2121C00A403DF /* JSON.framework in CopyFiles */,
			);
			runOnlyForDeploymentPostprocessing = 0;
		};
/* End PBXCopyFilesBuildPhase section */

/* Begin PBXFileReference section */
		0846178612F2120800A403DF /* JSON.xcodeproj */ = {isa = PBXFileReference; lastKnownFileType = "wrapper.pb-project"; name = JSON.xcodeproj; path = "JSON-v2.3.2-Mac/JSON.xcodeproj"; sourceTree = "<group>"; };
		0853D8D0108F5C1C005FEEF0 /* element.xml */ = {isa = PBXFileReference; fileEncoding = 4; lastKnownFileType = text.xml; path = element.xml; sourceTree = "<group>"; };
		087D59B3108F571A001FF05F /* Common.xcconfig */ = {isa = PBXFileReference; fileEncoding = 4; lastKnownFileType = text.xcconfig; path = Common.xcconfig; sourceTree = "<group>"; };
		087D59B4108F571A001FF05F /* Debug.xcconfig */ = {isa = PBXFileReference; fileEncoding = 4; lastKnownFileType = text.xcconfig; path = Debug.xcconfig; sourceTree = "<group>"; };
		087D59B5108F571A001FF05F /* Developer.xcconfig */ = {isa = PBXFileReference; fileEncoding = 4; lastKnownFileType = text.xcconfig; path = Developer.xcconfig; sourceTree = "<group>"; };
		087D59B6108F571A001FF05F /* QSElement_Prefix.pch */ = {isa = PBXFileReference; fileEncoding = 4; lastKnownFileType = sourcecode.c.h; path = QSElement_Prefix.pch; sourceTree = "<group>"; };
		087D59B7108F571A001FF05F /* QSElement.xcconfig */ = {isa = PBXFileReference; fileEncoding = 4; lastKnownFileType = text.xcconfig; path = QSElement.xcconfig; sourceTree = "<group>"; };
		087D59B8108F571A001FF05F /* QSPlugIn_Prefix.pch */ = {isa = PBXFileReference; fileEncoding = 4; lastKnownFileType = sourcecode.c.h; path = QSPlugIn_Prefix.pch; sourceTree = "<group>"; };
		087D59B9108F571A001FF05F /* QSPlugIn.xcconfig */ = {isa = PBXFileReference; fileEncoding = 4; lastKnownFileType = text.xcconfig; path = QSPlugIn.xcconfig; sourceTree = "<group>"; };
		087D59BA108F571A001FF05F /* Release.xcconfig */ = {isa = PBXFileReference; fileEncoding = 4; lastKnownFileType = text.xcconfig; path = Release.xcconfig; sourceTree = "<group>"; };
		087D5A0A108F5A92001FF05F /* QSDeliciousPlugIn_Action.h */ = {isa = PBXFileReference; fileEncoding = 4; lastKnownFileType = sourcecode.c.h; path = QSDeliciousPlugIn_Action.h; sourceTree = "<group>"; };
		087D5A0B108F5A92001FF05F /* QSDeliciousPlugIn_Action.m */ = {isa = PBXFileReference; fileEncoding = 4; lastKnownFileType = sourcecode.c.objc; path = QSDeliciousPlugIn_Action.m; sourceTree = "<group>"; };
		087D5A0C108F5A92001FF05F /* QSDeliciousPlugIn.h */ = {isa = PBXFileReference; fileEncoding = 4; lastKnownFileType = sourcecode.c.h; path = QSDeliciousPlugIn.h; sourceTree = "<group>"; };
		087D5A0D108F5A92001FF05F /* QSDeliciousPlugIn.m */ = {isa = PBXFileReference; fileEncoding = 4; lastKnownFileType = sourcecode.c.objc; path = QSDeliciousPlugIn.m; sourceTree = "<group>"; };
		087D5A16108F5B0C001FF05F /* del.icio.us.png */ = {isa = PBXFileReference; lastKnownFileType = image.png; path = del.icio.us.png; sourceTree = "<group>"; };
		087D5A17108F5B0C001FF05F /* del.icio.us.tif */ = {isa = PBXFileReference; lastKnownFileType = image.tiff; path = del.icio.us.tif; sourceTree = "<group>"; };
		7F8AD05007F2503600011548 /* QSDeliciousPlugInSource.nib */ = {isa = PBXFileReference; lastKnownFileType = wrapper.nib; path = QSDeliciousPlugInSource.nib; sourceTree = "<group>"; };
		7F9441A00803A9D9007EDC31 /* QSObjectSource.name.strings */ = {isa = PBXFileReference; fileEncoding = 4; lastKnownFileType = text.plist.strings; path = QSObjectSource.name.strings; sourceTree = "<group>"; };
		7FB0DC190B91FF8600A5B6FF /* bookmark_icon.png */ = {isa = PBXFileReference; lastKnownFileType = image.png; path = bookmark_icon.png; sourceTree = "<group>"; };
		8D1AC9730486D14A00FE50C9 /* Info.plist */ = {isa = PBXFileReference; fileEncoding = 4; lastKnownFileType = text.plist; path = Info.plist; sourceTree = "<group>"; };
		8D1AC9740486D14A00FE50C9 /* Social Bookmarks Module.element */ = {isa = PBXFileReference; explicitFileType = wrapper.cfbundle; includeInIndex = 0; path = "Social Bookmarks Module.element"; sourceTree = BUILT_PRODUCTS_DIR; };
		DD92D38A0106425D02CA0E72 /* Cocoa.framework */ = {isa = PBXFileReference; lastKnownFileType = wrapper.framework; name = Cocoa.framework; path = /System/Library/Frameworks/Cocoa.framework; sourceTree = "<absolute>"; };
		E182BCCF06FC8203007BF2C2 /* QSDeliciousPlugIn_Source.h */ = {isa = PBXFileReference; fileEncoding = 30; lastKnownFileType = sourcecode.c.h; path = QSDeliciousPlugIn_Source.h; sourceTree = "<group>"; };
		E182BCD006FC8203007BF2C2 /* QSDeliciousPlugIn_Source.m */ = {isa = PBXFileReference; fileEncoding = 30; lastKnownFileType = sourcecode.c.objc; path = QSDeliciousPlugIn_Source.m; sourceTree = "<group>"; };
		E182BE2206FC9AB5007BF2C2 /* QSDeliciousPrefPane.h */ = {isa = PBXFileReference; fileEncoding = 30; lastKnownFileType = sourcecode.c.h; path = QSDeliciousPrefPane.h; sourceTree = "<group>"; };
		E182BE2306FC9AB5007BF2C2 /* QSDeliciousPrefPane.m */ = {isa = PBXFileReference; fileEncoding = 30; lastKnownFileType = sourcecode.c.objc; path = QSDeliciousPrefPane.m; sourceTree = "<group>"; };
		E182BE3B06FC9B13007BF2C2 /* en */ = {isa = PBXFileReference; fileEncoding = 30; lastKnownFileType = text.plist.strings; name = en; path = en.lproj/Localizable.strings; sourceTree = "<group>"; };
		E182BE5A06FC9C46007BF2C2 /* PreferencePanes.framework */ = {isa = PBXFileReference; lastKnownFileType = wrapper.framework; name = PreferencePanes.framework; path = /System/Library/Frameworks/PreferencePanes.framework; sourceTree = "<absolute>"; };
/* End PBXFileReference section */

/* Begin PBXFrameworksBuildPhase section */
		8D1AC96E0486D14A00FE50C9 /* Frameworks */ = {
			isa = PBXFrameworksBuildPhase;
			buildActionMask = 2147483647;
			files = (
				084617F012F2A1B200A403DF /* JSON.framework in Frameworks */,
				8D1AC9700486D14A00FE50C9 /* Cocoa.framework in Frameworks */,
				E182BE5B06FC9C46007BF2C2 /* PreferencePanes.framework in Frameworks */,
			);
			runOnlyForDeploymentPostprocessing = 0;
		};
/* End PBXFrameworksBuildPhase section */

/* Begin PBXGroup section */
		0259C574FE90428111CA0C5A /* QSDeliciousPlugIn */ = {
			isa = PBXGroup;
			children = (
				0846178612F2120800A403DF /* JSON.xcodeproj */,
				087D59AD108F5665001FF05F /* Configuration */,
				32DBCF9E0370C38000C91783 /* Classes */,
				32DBCF9F0370C38200C91783 /* Other Sources */,
				0259C582FE90428111CA0C5A /* Resources */,
				1ED78706FE9D4A0611CA0C5A /* Products */,
				2E58F364FFB232C311CA0CBA /* Frameworks */,
			);
			name = QSDeliciousPlugIn;
			sourceTree = "<group>";
		};
		0259C582FE90428111CA0C5A /* Resources */ = {
			isa = PBXGroup;
			children = (
				7F8AD05007F2503600011548 /* QSDeliciousPlugInSource.nib */,
				0853D8D0108F5C1C005FEEF0 /* element.xml */,
				087D5A16108F5B0C001FF05F /* del.icio.us.png */,
				087D5A17108F5B0C001FF05F /* del.icio.us.tif */,
				7FB0DC190B91FF8600A5B6FF /* bookmark_icon.png */,
				8D1AC9730486D14A00FE50C9 /* Info.plist */,
				7F9441A00803A9D9007EDC31 /* QSObjectSource.name.strings */,
			);
			name = Resources;
			sourceTree = "<group>";
		};
		0846178712F2120800A403DF /* Products */ = {
			isa = PBXGroup;
			children = (
				0846179212F2120800A403DF /* JSON.framework */,
				0846179412F2120800A403DF /* Tests.octest */,
				0846179612F2120800A403DF /* libjson.a */,
				0846179812F2120800A403DF /* libjsontests.octest */,
			);
			name = Products;
			sourceTree = "<group>";
		};
		087D59AD108F5665001FF05F /* Configuration */ = {
			isa = PBXGroup;
			children = (
				087D59B3108F571A001FF05F /* Common.xcconfig */,
				087D59B4108F571A001FF05F /* Debug.xcconfig */,
				087D59B5108F571A001FF05F /* Developer.xcconfig */,
				087D59B6108F571A001FF05F /* QSElement_Prefix.pch */,
				087D59B7108F571A001FF05F /* QSElement.xcconfig */,
				087D59B8108F571A001FF05F /* QSPlugIn_Prefix.pch */,
				087D59B9108F571A001FF05F /* QSPlugIn.xcconfig */,
				087D59BA108F571A001FF05F /* Release.xcconfig */,
			);
			path = Configuration;
			sourceTree = QS_SOURCE_ROOT;
		};
		1ED78706FE9D4A0611CA0C5A /* Products */ = {
			isa = PBXGroup;
			children = (
				8D1AC9740486D14A00FE50C9 /* Social Bookmarks Module.element */,
			);
			name = Products;
			sourceTree = "<group>";
		};
		2E58F364FFB232C311CA0CBA /* Frameworks */ = {
			isa = PBXGroup;
			children = (
				E182BE5A06FC9C46007BF2C2 /* PreferencePanes.framework */,
				DD92D38A0106425D02CA0E72 /* Cocoa.framework */,
			);
			name = Frameworks;
			sourceTree = "<group>";
		};
		32DBCF9E0370C38000C91783 /* Classes */ = {
			isa = PBXGroup;
			children = (
				087D5A0A108F5A92001FF05F /* QSDeliciousPlugIn_Action.h */,
				087D5A0B108F5A92001FF05F /* QSDeliciousPlugIn_Action.m */,
				087D5A0C108F5A92001FF05F /* QSDeliciousPlugIn.h */,
				087D5A0D108F5A92001FF05F /* QSDeliciousPlugIn.m */,
				E182BCCF06FC8203007BF2C2 /* QSDeliciousPlugIn_Source.h */,
				E182BCD006FC8203007BF2C2 /* QSDeliciousPlugIn_Source.m */,
				E182BE2206FC9AB5007BF2C2 /* QSDeliciousPrefPane.h */,
				E182BE2306FC9AB5007BF2C2 /* QSDeliciousPrefPane.m */,
			);
			name = Classes;
			sourceTree = "<group>";
		};
		32DBCF9F0370C38200C91783 /* Other Sources */ = {
			isa = PBXGroup;
			children = (
				E182BE3A06FC9B13007BF2C2 /* Localizable.strings */,
			);
			name = "Other Sources";
			sourceTree = "<group>";
		};
/* End PBXGroup section */

/* Begin PBXHeadersBuildPhase section */
		08016D02108F5B8B00FF7B19 /* Headers */ = {
			isa = PBXHeadersBuildPhase;
			buildActionMask = 2147483647;
			files = (
				08016CFD108F5B6C00FF7B19 /* QSDeliciousPlugIn_Action.h in Headers */,
				08016CFE108F5B6D00FF7B19 /* QSDeliciousPlugIn.h in Headers */,
			);
			runOnlyForDeploymentPostprocessing = 0;
		};
/* End PBXHeadersBuildPhase section */

/* Begin PBXNativeTarget section */
		8D1AC9600486D14A00FE50C9 /* Social Bookmarks Module */ = {
			isa = PBXNativeTarget;
			buildConfigurationList = 7F07AFAA085E432E00E2AFC4 /* Build configuration list for PBXNativeTarget "Social Bookmarks Module" */;
			buildPhases = (
				8D1AC9660486D14A00FE50C9 /* Resources */,
				8D1AC96A0486D14A00FE50C9 /* Sources */,
				8D1AC96E0486D14A00FE50C9 /* Frameworks */,
				08DF311112F1F0590039252F /* CopyFiles */,
				08DF30FC12F1F0410039252F /* ShellScript */,
				E1022B2806B3475D00299BEC /* ShellScript */,
				08016D02108F5B8B00FF7B19 /* Headers */,
			);
			buildRules = (
			);
			dependencies = (
				0846179A12F2121000A403DF /* PBXTargetDependency */,
			);
			name = "Social Bookmarks Module";
			productInstallPath = "$(HOME)/Developer/Palettes";
			productName = QSDeliciousPlugIn;
			productReference = 8D1AC9740486D14A00FE50C9 /* Social Bookmarks Module.element */;
			productType = "com.apple.product-type.bundle";
		};
/* End PBXNativeTarget section */

/* Begin PBXProject section */
		0259C573FE90428111CA0C5A /* Project object */ = {
			isa = PBXProject;
			buildConfigurationList = 7F07AFAE085E432E00E2AFC4 /* Build configuration list for PBXProject "QSDeliciousPlugIn" */;
			compatibilityVersion = "Xcode 2.4";
			developmentRegion = English;
			hasScannedForEncodings = 1;
			knownRegions = (
				English,
				Japanese,
				French,
				German,
				en,
			);
			mainGroup = 0259C574FE90428111CA0C5A /* QSDeliciousPlugIn */;
			projectDirPath = "";
			projectReferences = (
				{
					ProductGroup = 0846178712F2120800A403DF /* Products */;
					ProjectRef = 0846178612F2120800A403DF /* JSON.xcodeproj */;
				},
			);
			projectRoot = "";
			targets = (
				8D1AC9600486D14A00FE50C9 /* Social Bookmarks Module */,
			);
		};
/* End PBXProject section */

/* Begin PBXReferenceProxy section */
		0846179212F2120800A403DF /* JSON.framework */ = {
			isa = PBXReferenceProxy;
			fileType = wrapper.framework;
			path = JSON.framework;
			remoteRef = 0846179112F2120800A403DF /* PBXContainerItemProxy */;
			sourceTree = BUILT_PRODUCTS_DIR;
		};
		0846179412F2120800A403DF /* Tests.octest */ = {
			isa = PBXReferenceProxy;
			fileType = wrapper.cfbundle;
			path = Tests.octest;
			remoteRef = 0846179312F2120800A403DF /* PBXContainerItemProxy */;
			sourceTree = BUILT_PRODUCTS_DIR;
		};
		0846179612F2120800A403DF /* libjson.a */ = {
			isa = PBXReferenceProxy;
			fileType = archive.ar;
			path = libjson.a;
			remoteRef = 0846179512F2120800A403DF /* PBXContainerItemProxy */;
			sourceTree = BUILT_PRODUCTS_DIR;
		};
		0846179812F2120800A403DF /* libjsontests.octest */ = {
			isa = PBXReferenceProxy;
			fileType = wrapper.cfbundle;
			path = libjsontests.octest;
			remoteRef = 0846179712F2120800A403DF /* PBXContainerItemProxy */;
			sourceTree = BUILT_PRODUCTS_DIR;
		};
/* End PBXReferenceProxy section */

/* Begin PBXResourcesBuildPhase section */
		8D1AC9660486D14A00FE50C9 /* Resources */ = {
			isa = PBXResourcesBuildPhase;
			buildActionMask = 2147483647;
			files = (
				E182BCD306FC8203007BF2C2 /* QSDeliciousPlugIn_Source.h in Resources */,
				E182BE2506FC9AB5007BF2C2 /* QSDeliciousPrefPane.h in Resources */,
				E182BE3C06FC9B13007BF2C2 /* Localizable.strings in Resources */,
				7F8AD05107F2503600011548 /* QSDeliciousPlugInSource.nib in Resources */,
				7F9441A10803A9D9007EDC31 /* QSObjectSource.name.strings in Resources */,
				7FB0DC1A0B91FF8600A5B6FF /* bookmark_icon.png in Resources */,
				087D59BB108F571A001FF05F /* Common.xcconfig in Resources */,
				087D59BC108F571A001FF05F /* Debug.xcconfig in Resources */,
				087D59BD108F571A001FF05F /* Developer.xcconfig in Resources */,
				087D59BE108F571A001FF05F /* QSElement.xcconfig in Resources */,
				087D59BF108F571A001FF05F /* QSPlugIn.xcconfig in Resources */,
				087D59C0108F571A001FF05F /* Release.xcconfig in Resources */,
				087D5A18108F5B0C001FF05F /* del.icio.us.png in Resources */,
				087D5A19108F5B0C001FF05F /* del.icio.us.tif in Resources */,
				0853D8D1108F5C1C005FEEF0 /* element.xml in Resources */,
			);
			runOnlyForDeploymentPostprocessing = 0;
		};
/* End PBXResourcesBuildPhase section */

/* Begin PBXShellScriptBuildPhase section */
		08DF30FC12F1F0410039252F /* ShellScript */ = {
			isa = PBXShellScriptBuildPhase;
			buildActionMask = 2147483647;
			files = (
			);
			inputPaths = (
			);
			outputPaths = (
			);
			runOnlyForDeploymentPostprocessing = 0;
			shellPath = /bin/sh;
			shellScript = "/usr/bin/install_name_tool -change \\\n \"@executable_path/../Frameworks/JSON.framework/Versions/A/JSON\" \\\n \"@loader_path/../Frameworks/JSON.framework/Versions/A/JSON\" \\\n \"$CONFIGURATION_BUILD_DIR/$EXECUTABLE_PATH\"";
		};
		E1022B2806B3475D00299BEC /* ShellScript */ = {
			isa = PBXShellScriptBuildPhase;
			buildActionMask = 2147483647;
			files = (
			);
			inputPaths = (
			);
			outputPaths = (
			);
			runOnlyForDeploymentPostprocessing = 0;
			shellPath = /bin/sh;
			shellScript = "/usr/bin/perl $QS_SOURCE_ROOT/put_bndl_ver.pl";
		};
/* End PBXShellScriptBuildPhase section */

/* Begin PBXSourcesBuildPhase section */
		8D1AC96A0486D14A00FE50C9 /* Sources */ = {
			isa = PBXSourcesBuildPhase;
			buildActionMask = 2147483647;
			files = (
				E182BCD406FC8203007BF2C2 /* QSDeliciousPlugIn_Source.m in Sources */,
				E182BE2606FC9AB5007BF2C2 /* QSDeliciousPrefPane.m in Sources */,
				087D5A0E108F5A92001FF05F /* QSDeliciousPlugIn_Action.m in Sources */,
				087D5A0F108F5A92001FF05F /* QSDeliciousPlugIn.m in Sources */,
			);
			runOnlyForDeploymentPostprocessing = 0;
		};
/* End PBXSourcesBuildPhase section */

/* Begin PBXTargetDependency section */
		0846179A12F2121000A403DF /* PBXTargetDependency */ = {
			isa = PBXTargetDependency;
			name = JSON;
			targetProxy = 0846179912F2121000A403DF /* PBXContainerItemProxy */;
		};
/* End PBXTargetDependency section */

/* Begin PBXVariantGroup section */
		E182BE3A06FC9B13007BF2C2 /* Localizable.strings */ = {
			isa = PBXVariantGroup;
			children = (
				E182BE3B06FC9B13007BF2C2 /* en */,
			);
			name = Localizable.strings;
			sourceTree = "<group>";
		};
/* End PBXVariantGroup section */

/* Begin XCBuildConfiguration section */
		087D59CE108F5757001FF05F /* Debug */ = {
			isa = XCBuildConfiguration;
			baseConfigurationReference = 087D59B4108F571A001FF05F /* Debug.xcconfig */;
			buildSettings = {
			};
			name = Debug;
		};
		087D59CF108F5757001FF05F /* Debug */ = {
			isa = XCBuildConfiguration;
			baseConfigurationReference = 087D59B7108F571A001FF05F /* QSElement.xcconfig */;
			buildSettings = {
				FRAMEWORK_SEARCH_PATHS = (
					"$(inherited)",
					"$(FRAMEWORK_SEARCH_PATHS_QUOTED_FOR_TARGET_1)",
				);
			};
			name = Debug;
		};
		7F07AFAC085E432E00E2AFC4 /* Release */ = {
			isa = XCBuildConfiguration;
			baseConfigurationReference = 087D59B7108F571A001FF05F /* QSElement.xcconfig */;
			buildSettings = {
				FRAMEWORK_SEARCH_PATHS = (
					"$(inherited)",
					"$(FRAMEWORK_SEARCH_PATHS_QUOTED_FOR_TARGET_1)",
				);
			};
			name = Release;
		};
		7F07AFB0085E432E00E2AFC4 /* Release */ = {
			isa = XCBuildConfiguration;
			baseConfigurationReference = 087D59BA108F571A001FF05F /* Release.xcconfig */;
			buildSettings = {
			};
			name = Release;
		};
/* End XCBuildConfiguration section */

/* Begin XCConfigurationList section */
		7F07AFAA085E432E00E2AFC4 /* Build configuration list for PBXNativeTarget "Social Bookmarks Module" */ = {
			isa = XCConfigurationList;
			buildConfigurations = (
				087D59CF108F5757001FF05F /* Debug */,
				7F07AFAC085E432E00E2AFC4 /* Release */,
			);
			defaultConfigurationIsVisible = 0;
			defaultConfigurationName = Debug;
		};
		7F07AFAE085E432E00E2AFC4 /* Build configuration list for PBXProject "QSDeliciousPlugIn" */ = {
			isa = XCConfigurationList;
			buildConfigurations = (
				087D59CE108F5757001FF05F /* Debug */,
				7F07AFB0085E432E00E2AFC4 /* Release */,
			);
			defaultConfigurationIsVisible = 0;
			defaultConfigurationName = Debug;
		};
/* End XCConfigurationList section */
	};
	rootObject = 0259C573FE90428111CA0C5A /* Project object */;
}
