// !$*UTF8*$!
{
	archiveVersion = 1;
	classes = {
	};
	objectVersion = 42;
	objects = {

/* Begin PBXBuildFile section */
		0815F3821090BA190020793E /* Common.xcconfig in Resources */ = {isa = PBXBuildFile; fileRef = 0815F37A1090BA180020793E /* Common.xcconfig */; };
		0815F3831090BA190020793E /* Debug.xcconfig in Resources */ = {isa = PBXBuildFile; fileRef = 0815F37B1090BA190020793E /* Debug.xcconfig */; };
		0815F3841090BA190020793E /* Developer.xcconfig in Resources */ = {isa = PBXBuildFile; fileRef = 0815F37C1090BA190020793E /* Developer.xcconfig */; };
		0815F3851090BA190020793E /* QSElement.xcconfig in Resources */ = {isa = PBXBuildFile; fileRef = 0815F37E1090BA190020793E /* QSElement.xcconfig */; };
		0815F3861090BA190020793E /* QSPlugIn.xcconfig in Resources */ = {isa = PBXBuildFile; fileRef = 0815F3801090BA190020793E /* QSPlugIn.xcconfig */; };
		0815F3871090BA190020793E /* Release.xcconfig in Resources */ = {isa = PBXBuildFile; fileRef = 0815F3811090BA190020793E /* Release.xcconfig */; };
		0815F3941090BBAD0020793E /* element.xml in Resources */ = {isa = PBXBuildFile; fileRef = 0815F3931090BBAD0020793E /* element.xml */; };
		7FF4485B08047FA100316DB6 /* mork.pl in Resources */ = {isa = PBXBuildFile; fileRef = 7FF4485A08047FA100316DB6 /* mork.pl */; };
		7FF448BA08048B9E00316DB6 /* QSParser.name.strings in Resources */ = {isa = PBXBuildFile; fileRef = 7FF448B908048B9E00316DB6 /* QSParser.name.strings */; };
		8D1AC9700486D14A00FE50C9 /* Cocoa.framework in Frameworks */ = {isa = PBXBuildFile; fileRef = DD92D38A0106425D02CA0E72 /* Cocoa.framework */; };
		E1EAB046068128A200774DFF /* QSFirefoxPlugIn.m in Sources */ = {isa = PBXBuildFile; fileRef = E1EAB045068128A200774DFF /* QSFirefoxPlugIn.m */; };
/* End PBXBuildFile section */

/* Begin PBXFileReference section */
		0815F37A1090BA180020793E /* Common.xcconfig */ = {isa = PBXFileReference; fileEncoding = 4; lastKnownFileType = text.xcconfig; name = Common.xcconfig; path = Configuration/Common.xcconfig; sourceTree = QS_SOURCE_ROOT; };
		0815F37B1090BA190020793E /* Debug.xcconfig */ = {isa = PBXFileReference; fileEncoding = 4; lastKnownFileType = text.xcconfig; name = Debug.xcconfig; path = Configuration/Debug.xcconfig; sourceTree = QS_SOURCE_ROOT; };
		0815F37C1090BA190020793E /* Developer.xcconfig */ = {isa = PBXFileReference; fileEncoding = 4; lastKnownFileType = text.xcconfig; name = Developer.xcconfig; path = Configuration/Developer.xcconfig; sourceTree = QS_SOURCE_ROOT; };
		0815F37D1090BA190020793E /* QSElement_Prefix.pch */ = {isa = PBXFileReference; fileEncoding = 4; lastKnownFileType = sourcecode.c.h; name = QSElement_Prefix.pch; path = Configuration/QSElement_Prefix.pch; sourceTree = QS_SOURCE_ROOT; };
		0815F37E1090BA190020793E /* QSElement.xcconfig */ = {isa = PBXFileReference; fileEncoding = 4; lastKnownFileType = text.xcconfig; name = QSElement.xcconfig; path = Configuration/QSElement.xcconfig; sourceTree = QS_SOURCE_ROOT; };
		0815F37F1090BA190020793E /* QSPlugIn_Prefix.pch */ = {isa = PBXFileReference; fileEncoding = 4; lastKnownFileType = sourcecode.c.h; name = QSPlugIn_Prefix.pch; path = Configuration/QSPlugIn_Prefix.pch; sourceTree = QS_SOURCE_ROOT; };
		0815F3801090BA190020793E /* QSPlugIn.xcconfig */ = {isa = PBXFileReference; fileEncoding = 4; lastKnownFileType = text.xcconfig; name = QSPlugIn.xcconfig; path = Configuration/QSPlugIn.xcconfig; sourceTree = QS_SOURCE_ROOT; };
		0815F3811090BA190020793E /* Release.xcconfig */ = {isa = PBXFileReference; fileEncoding = 4; lastKnownFileType = text.xcconfig; name = Release.xcconfig; path = Configuration/Release.xcconfig; sourceTree = QS_SOURCE_ROOT; };
		0815F3931090BBAD0020793E /* element.xml */ = {isa = PBXFileReference; fileEncoding = 4; lastKnownFileType = text.xml; path = element.xml; sourceTree = "<group>"; };
		32DBCF980370C29C00C91783 /* QSFirefoxPlugIn_Prefix.pch */ = {isa = PBXFileReference; fileEncoding = 4; lastKnownFileType = sourcecode.c.h; path = QSFirefoxPlugIn_Prefix.pch; sourceTree = "<group>"; };
		7FF4485A08047FA100316DB6 /* mork.pl */ = {isa = PBXFileReference; fileEncoding = 30; lastKnownFileType = text.script.perl; path = mork.pl; sourceTree = "<group>"; };
		7FF448B908048B9E00316DB6 /* QSParser.name.strings */ = {isa = PBXFileReference; fileEncoding = 4; lastKnownFileType = text.plist.strings; path = QSParser.name.strings; sourceTree = "<group>"; };
		8D1AC9730486D14A00FE50C9 /* Info.plist */ = {isa = PBXFileReference; fileEncoding = 4; lastKnownFileType = text.plist; path = Info.plist; sourceTree = "<group>"; };
		8D1AC9740486D14A00FE50C9 /* Firefox Module.element */ = {isa = PBXFileReference; explicitFileType = wrapper.cfbundle; includeInIndex = 0; path = "Firefox Module.element"; sourceTree = BUILT_PRODUCTS_DIR; };
		DD92D38A0106425D02CA0E72 /* Cocoa.framework */ = {isa = PBXFileReference; lastKnownFileType = wrapper.framework; name = Cocoa.framework; path = /System/Library/Frameworks/Cocoa.framework; sourceTree = "<absolute>"; };
		E1EAB045068128A200774DFF /* QSFirefoxPlugIn.m */ = {isa = PBXFileReference; fileEncoding = 30; lastKnownFileType = sourcecode.c.objc; path = QSFirefoxPlugIn.m; sourceTree = "<group>"; };
		E1EAB047068128A800774DFF /* QSFirefoxPlugIn.h */ = {isa = PBXFileReference; fileEncoding = 30; lastKnownFileType = sourcecode.c.h; path = QSFirefoxPlugIn.h; sourceTree = "<group>"; };
/* End PBXFileReference section */

/* Begin PBXFrameworksBuildPhase section */
		8D1AC96E0486D14A00FE50C9 /* Frameworks */ = {
			isa = PBXFrameworksBuildPhase;
			buildActionMask = 2147483647;
			files = (
				8D1AC9700486D14A00FE50C9 /* Cocoa.framework in Frameworks */,
			);
			runOnlyForDeploymentPostprocessing = 0;
		};
/* End PBXFrameworksBuildPhase section */

/* Begin PBXGroup section */
		0259C574FE90428111CA0C5A /* QSFirefoxPlugIn */ = {
			isa = PBXGroup;
			children = (
				0815F3891090BA220020793E /* Configuration */,
				32DBCF9E0370C38000C91783 /* Classes */,
				32DBCF9F0370C38200C91783 /* Other Sources */,
				0259C582FE90428111CA0C5A /* Resources */,
				1ED78706FE9D4A0611CA0C5A /* Products */,
				2E58F364FFB232C311CA0CBA /* Frameworks */,
			);
			name = QSFirefoxPlugIn;
			sourceTree = "<group>";
		};
		0259C582FE90428111CA0C5A /* Resources */ = {
			isa = PBXGroup;
			children = (
				0815F3931090BBAD0020793E /* element.xml */,
				7FF4485A08047FA100316DB6 /* mork.pl */,
				7FF448B908048B9E00316DB6 /* QSParser.name.strings */,
				8D1AC9730486D14A00FE50C9 /* Info.plist */,
			);
			name = Resources;
			sourceTree = "<group>";
		};
		0815F3891090BA220020793E /* Configuration */ = {
			isa = PBXGroup;
			children = (
				0815F37A1090BA180020793E /* Common.xcconfig */,
				0815F37B1090BA190020793E /* Debug.xcconfig */,
				0815F37C1090BA190020793E /* Developer.xcconfig */,
				0815F37E1090BA190020793E /* QSElement.xcconfig */,
				0815F37D1090BA190020793E /* QSElement_Prefix.pch */,
				0815F3801090BA190020793E /* QSPlugIn.xcconfig */,
				0815F37F1090BA190020793E /* QSPlugIn_Prefix.pch */,
				0815F3811090BA190020793E /* Release.xcconfig */,
			);
			path = Configuration;
			sourceTree = QS_SOURCE_ROOT;
		};
		1ED78706FE9D4A0611CA0C5A /* Products */ = {
			isa = PBXGroup;
			children = (
				8D1AC9740486D14A00FE50C9 /* Firefox Module.element */,
			);
			name = Products;
			sourceTree = "<group>";
		};
		2E58F364FFB232C311CA0CBA /* Frameworks */ = {
			isa = PBXGroup;
			children = (
				DD92D38A0106425D02CA0E72 /* Cocoa.framework */,
				7FC20C8107FB741700FDD3CA /* Other Frameworks */,
			);
			name = Frameworks;
			sourceTree = "<group>";
		};
		32DBCF9E0370C38000C91783 /* Classes */ = {
			isa = PBXGroup;
			children = (
				E1EAB047068128A800774DFF /* QSFirefoxPlugIn.h */,
				E1EAB045068128A200774DFF /* QSFirefoxPlugIn.m */,
			);
			name = Classes;
			sourceTree = "<group>";
		};
		32DBCF9F0370C38200C91783 /* Other Sources */ = {
			isa = PBXGroup;
			children = (
				32DBCF980370C29C00C91783 /* QSFirefoxPlugIn_Prefix.pch */,
			);
			name = "Other Sources";
			sourceTree = "<group>";
		};
		7FC20C8107FB741700FDD3CA /* Other Frameworks */ = {
			isa = PBXGroup;
			children = (
			);
			name = "Other Frameworks";
			sourceTree = "<group>";
		};
/* End PBXGroup section */

/* Begin PBXNativeTarget section */
		8D1AC9600486D14A00FE50C9 /* Firefox Module */ = {
			isa = PBXNativeTarget;
			buildConfigurationList = 7F07AFFA085E433100E2AFC4 /* Build configuration list for PBXNativeTarget "Firefox Module" */;
			buildPhases = (
				8D1AC9660486D14A00FE50C9 /* Resources */,
				8D1AC96A0486D14A00FE50C9 /* Sources */,
				8D1AC96E0486D14A00FE50C9 /* Frameworks */,
				E1022B2806B3475D00299BEC /* ShellScript */,
			);
			buildRules = (
			);
			dependencies = (
			);
			name = "Firefox Module";
			productInstallPath = "$(HOME)/Developer/Palettes";
			productName = QSFirefoxPlugIn;
			productReference = 8D1AC9740486D14A00FE50C9 /* Firefox Module.element */;
			productType = "com.apple.product-type.bundle";
		};
/* End PBXNativeTarget section */

/* Begin PBXProject section */
		0259C573FE90428111CA0C5A /* Project object */ = {
			isa = PBXProject;
			buildConfigurationList = 7F07AFFE085E433100E2AFC4 /* Build configuration list for PBXProject "QSFirefoxPlugIn" */;
			compatibilityVersion = "Xcode 2.4";
			hasScannedForEncodings = 1;
			mainGroup = 0259C574FE90428111CA0C5A /* QSFirefoxPlugIn */;
			projectDirPath = "";
			projectRoot = "";
			targets = (
				8D1AC9600486D14A00FE50C9 /* Firefox Module */,
			);
		};
/* End PBXProject section */

/* Begin PBXResourcesBuildPhase section */
		8D1AC9660486D14A00FE50C9 /* Resources */ = {
			isa = PBXResourcesBuildPhase;
			buildActionMask = 2147483647;
			files = (
				7FF4485B08047FA100316DB6 /* mork.pl in Resources */,
				7FF448BA08048B9E00316DB6 /* QSParser.name.strings in Resources */,
				0815F3821090BA190020793E /* Common.xcconfig in Resources */,
				0815F3831090BA190020793E /* Debug.xcconfig in Resources */,
				0815F3841090BA190020793E /* Developer.xcconfig in Resources */,
				0815F3851090BA190020793E /* QSElement.xcconfig in Resources */,
				0815F3861090BA190020793E /* QSPlugIn.xcconfig in Resources */,
				0815F3871090BA190020793E /* Release.xcconfig in Resources */,
				0815F3941090BBAD0020793E /* element.xml in Resources */,
			);
			runOnlyForDeploymentPostprocessing = 0;
		};
/* End PBXResourcesBuildPhase section */

/* Begin PBXShellScriptBuildPhase section */
		E1022B2806B3475D00299BEC /* ShellScript */ = {
			isa = PBXShellScriptBuildPhase;
			buildActionMask = 2147483647;
			files = (
			);
			inputPaths = (
			);
			outputPaths = (
			);
			runOnlyForDeploymentPostprocessing = 0;
			shellPath = /bin/sh;
			shellScript = "$SRCROOT/bltrversion $INFOPLIST_FILE";
		};
/* End PBXShellScriptBuildPhase section */

/* Begin PBXSourcesBuildPhase section */
		8D1AC96A0486D14A00FE50C9 /* Sources */ = {
			isa = PBXSourcesBuildPhase;
			buildActionMask = 2147483647;
			files = (
				E1EAB046068128A200774DFF /* QSFirefoxPlugIn.m in Sources */,
			);
			runOnlyForDeploymentPostprocessing = 0;
		};
/* End PBXSourcesBuildPhase section */

/* Begin XCBuildConfiguration section */
		0815F38B1090BA780020793E /* Debug */ = {
			isa = XCBuildConfiguration;
			buildSettings = {
			};
			name = Debug;
		};
		0815F38C1090BA780020793E /* Debug */ = {
			isa = XCBuildConfiguration;
			baseConfigurationReference = 0815F37E1090BA190020793E /* QSElement.xcconfig */;
			buildSettings = {
				COPY_PHASE_STRIP = NO;
				GCC_OPTIMIZATION_LEVEL = 0;
				INFOPLIST_FILE = Info.plist;
			};
			name = Debug;
		};
		7F07AFFC085E433100E2AFC4 /* Release */ = {
			isa = XCBuildConfiguration;
			buildSettings = {
				COPY_PHASE_STRIP = YES;
				FRAMEWORK_SEARCH_PATHS = /Applications/Quicksilver.app/Contents/Frameworks;
				GCC_ENABLE_FIX_AND_CONTINUE = NO;
				GCC_GENERATE_DEBUGGING_SYMBOLS = NO;
				GCC_PRECOMPILE_PREFIX_HEADER = YES;
				GCC_PREFIX_HEADER = QSFirefoxPlugIn_Prefix.pch;
				INFOPLIST_FILE = Info.plist;
				OTHER_LDFLAGS = "-bundle";
				PRODUCT_NAME = "Firefox Module";
				WRAPPER_EXTENSION = qsplugin;
				ZERO_LINK = NO;
			};
			name = Release;
		};
		7F07AFFD085E433100E2AFC4 /* Default */ = {
			isa = XCBuildConfiguration;
			buildSettings = {
				BUILD_DIR = "$(SYMROOT)/PlugIns/";
				FRAMEWORK_SEARCH_PATHS = /Applications/Quicksilver.app/Contents/Frameworks;
				GCC_GENERATE_DEBUGGING_SYMBOLS = NO;
				GCC_PRECOMPILE_PREFIX_HEADER = YES;
				GCC_PREFIX_HEADER = QSFirefoxPlugIn_Prefix.pch;
				INFOPLIST_FILE = Info.plist;
				OTHER_LDFLAGS = "-bundle";
				PRODUCT_NAME = "Firefox Module";
				WRAPPER_EXTENSION = qsplugin;
			};
			name = Default;
		};
		7F07B000085E433100E2AFC4 /* Release */ = {
			isa = XCBuildConfiguration;
			buildSettings = {
				ARCHS = (
					ppc,
					i386,
				);
				MACOSX_DEPLOYMENT_TARGET = 10.4;
				SDKROOT = /Developer/SDKs/MacOSX10.4u.sdk;
			};
			name = Release;
		};
		7F07B001085E433100E2AFC4 /* Default */ = {
			isa = XCBuildConfiguration;
			buildSettings = {
				ARCHS = (
					ppc,
					i386,
				);
				MACOSX_DEPLOYMENT_TARGET = 10.4;
				SDKROOT = /Developer/SDKs/MacOSX10.4u.sdk;
			};
			name = Default;
		};
/* End XCBuildConfiguration section */

/* Begin XCConfigurationList section */
		7F07AFFA085E433100E2AFC4 /* Build configuration list for PBXNativeTarget "Firefox Module" */ = {
			isa = XCConfigurationList;
			buildConfigurations = (
				0815F38C1090BA780020793E /* Debug */,
				7F07AFFC085E433100E2AFC4 /* Release */,
				7F07AFFD085E433100E2AFC4 /* Default */,
			);
			defaultConfigurationIsVisible = 0;
			defaultConfigurationName = Default;
		};
		7F07AFFE085E433100E2AFC4 /* Build configuration list for PBXProject "QSFirefoxPlugIn" */ = {
			isa = XCConfigurationList;
			buildConfigurations = (
				0815F38B1090BA780020793E /* Debug */,
				7F07B000085E433100E2AFC4 /* Release */,
				7F07B001085E433100E2AFC4 /* Default */,
			);
			defaultConfigurationIsVisible = 0;
			defaultConfigurationName = Default;
		};
/* End XCConfigurationList section */
	};
	rootObject = 0259C573FE90428111CA0C5A /* Project object */;
}
